<?xml version="1.0" encoding="utf-8"?>
<Project ToolsVersion="4.0" xmlns="http://schemas.microsoft.com/developer/msbuild/2003">
  <ItemGroup>
    <Filter Include="Source Files">
      <UniqueIdentifier>{4FC737F1-C7A5-4376-A066-2A32D752A2FF}</UniqueIdentifier>
      <Extensions>qml;cpp;c;cc;cxx;def;odl;idl;hpj;bat;asm;asmx</Extensions>
    </Filter>
    <Filter Include="Header Files">
      <UniqueIdentifier>{93995380-89BD-4b04-88EB-625FBE52EBFB}</UniqueIdentifier>
      <Extensions>h;hh;hpp;hxx;hm;inl;inc;xsd</Extensions>
    </Filter>
    <Filter Include="Resource Files">
      <UniqueIdentifier>{67DA6AB6-F800-4c08-8B7A-83BB121AAD01}</UniqueIdentifier>
      <Extensions>qrc;rc;ico;cur;bmp;dlg;rc2;rct;bin;rgs;gif;jpg;jpeg;jpe;resx;tiff;tif;png;wav;mfcribbon-ms</Extensions>
    </Filter>
    <Filter Include="Translation Files">
      <UniqueIdentifier>{639EADAA-A684-42e4-A9AD-28FC9BCB8F7C}</UniqueIdentifier>
      <Extensions>ts</Extensions>
    </Filter>
  </ItemGroup>
  <ItemGroup>
    <ClCompile Include="main.cpp">
      <Filter>Source Files</Filter>
    </ClCompile>
    <QtRcc Include="qml.qrc">
      <Filter>Resource Files</Filter>
    </QtRcc>
    <None Include="main.qml">
      <Filter>Source Files</Filter>
    </None>
    <ClCompile Include="LAppAllocator.cpp">
      <Filter>Source Files</Filter>
    </ClCompile>
    <ClCompile Include="LAppDefine.cpp">
      <Filter>Source Files</Filter>
    </ClCompile>
    <ClCompile Include="LAppPal.cpp">
      <Filter>Source Files</Filter>
    </ClCompile>
    <ClCompile Include="LAppRenderer.cpp">
      <Filter>Source Files</Filter>
    </ClCompile>
    <ClCompile Include="LAppWavFileHandler.cpp">
      <Filter>Source Files</Filter>
    </ClCompile>
    <ClCompile Include="TouchManager.cpp">
      <Filter>Source Files</Filter>
    </ClCompile>
    <ClCompile Include="CubismSDK\Framework\Effect\CubismBreath.cpp">
      <Filter>Source Files</Filter>
    </ClCompile>
    <ClCompile Include="CubismSDK\Framework\Effect\CubismEyeBlink.cpp">
      <Filter>Source Files</Filter>
    </ClCompile>
    <ClCompile Include="CubismSDK\Framework\Effect\CubismPose.cpp">
      <Filter>Source Files</Filter>
    </ClCompile>
    <ClCompile Include="CubismSDK\Framework\Id\CubismId.cpp">
      <Filter>Source Files</Filter>
    </ClCompile>
    <ClCompile Include="CubismSDK\Framework\Id\CubismIdManager.cpp">
      <Filter>Source Files</Filter>
    </ClCompile>
    <ClCompile Include="CubismSDK\Framework\Math\CubismMath.cpp">
      <Filter>Source Files</Filter>
    </ClCompile>
    <ClCompile Include="CubismSDK\Framework\Math\CubismMatrix44.cpp">
      <Filter>Source Files</Filter>
    </ClCompile>
    <ClCompile Include="CubismSDK\Framework\Math\CubismModelMatrix.cpp">
      <Filter>Source Files</Filter>
    </ClCompile>
    <ClCompile Include="CubismSDK\Framework\Math\CubismTargetPoint.cpp">
      <Filter>Source Files</Filter>
    </ClCompile>
    <ClCompile Include="CubismSDK\Framework\Math\CubismVector2.cpp">
      <Filter>Source Files</Filter>
    </ClCompile>
    <ClCompile Include="CubismSDK\Framework\Math\CubismViewMatrix.cpp">
      <Filter>Source Files</Filter>
    </ClCompile>
    <ClCompile Include="CubismSDK\Framework\Model\CubismMoc.cpp">
      <Filter>Source Files</Filter>
    </ClCompile>
    <ClCompile Include="CubismSDK\Framework\Model\CubismModel.cpp">
      <Filter>Source Files</Filter>
    </ClCompile>
    <ClCompile Include="CubismSDK\Framework\Model\CubismModelUserData.cpp">
      <Filter>Source Files</Filter>
    </ClCompile>
    <ClCompile Include="CubismSDK\Framework\Model\CubismModelUserDataJson.cpp">
      <Filter>Source Files</Filter>
    </ClCompile>
    <ClCompile Include="CubismSDK\Framework\Model\CubismUserModel.cpp">
      <Filter>Source Files</Filter>
    </ClCompile>
    <ClCompile Include="CubismSDK\Framework\Motion\ACubismMotion.cpp">
      <Filter>Source Files</Filter>
    </ClCompile>
    <ClCompile Include="CubismSDK\Framework\Motion\CubismExpressionMotion.cpp">
      <Filter>Source Files</Filter>
    </ClCompile>
    <ClCompile Include="CubismSDK\Framework\Motion\CubismMotion.cpp">
      <Filter>Source Files</Filter>
    </ClCompile>
    <ClCompile Include="CubismSDK\Framework\Motion\CubismMotionJson.cpp">
      <Filter>Source Files</Filter>
    </ClCompile>
    <ClCompile Include="CubismSDK\Framework\Motion\CubismMotionManager.cpp">
      <Filter>Source Files</Filter>
    </ClCompile>
    <ClCompile Include="CubismSDK\Framework\Motion\CubismMotionQueueEntry.cpp">
      <Filter>Source Files</Filter>
    </ClCompile>
    <ClCompile Include="CubismSDK\Framework\Motion\CubismMotionQueueManager.cpp">
      <Filter>Source Files</Filter>
    </ClCompile>
    <ClCompile Include="CubismSDK\Framework\Physics\CubismPhysics.cpp">
      <Filter>Source Files</Filter>
    </ClCompile>
    <ClCompile Include="CubismSDK\Framework\Physics\CubismPhysicsJson.cpp">
      <Filter>Source Files</Filter>
    </ClCompile>
    <ClCompile Include="CubismSDK\Framework\Rendering\OpenGL\CubismOffscreenSurface_OpenGLES2.cpp">
      <Filter>Source Files</Filter>
    </ClCompile>
    <ClCompile Include="CubismSDK\Framework\Rendering\OpenGL\CubismRenderer_OpenGLES2.cpp">
      <Filter>Source Files</Filter>
    </ClCompile>
    <ClCompile Include="CubismSDK\Framework\Rendering\CubismRenderer.cpp">
      <Filter>Source Files</Filter>
    </ClCompile>
    <ClCompile Include="CubismSDK\Framework\Type\csmRectF.cpp">
      <Filter>Source Files</Filter>
    </ClCompile>
    <ClCompile Include="CubismSDK\Framework\Type\csmString.cpp">
      <Filter>Source Files</Filter>
    </ClCompile>
    <ClCompile Include="CubismSDK\Framework\Utils\CubismDebug.cpp">
      <Filter>Source Files</Filter>
    </ClCompile>
    <ClCompile Include="CubismSDK\Framework\Utils\CubismJson.cpp">
      <Filter>Source Files</Filter>
    </ClCompile>
    <ClCompile Include="CubismSDK\Framework\Utils\CubismString.cpp">
      <Filter>Source Files</Filter>
    </ClCompile>
    <ClCompile Include="CubismSDK\Framework\CubismCdiJson.cpp">
      <Filter>Source Files</Filter>
    </ClCompile>
    <ClCompile Include="CubismSDK\Framework\CubismDefaultParameterId.cpp">
      <Filter>Source Files</Filter>
    </ClCompile>
    <ClCompile Include="CubismSDK\Framework\CubismFramework.cpp">
      <Filter>Source Files</Filter>
    </ClCompile>
    <ClCompile Include="CubismSDK\Framework\CubismModelSettingJson.cpp">
      <Filter>Source Files</Filter>
    </ClCompile>
    <ClCompile Include="LAppLive2DView.cpp">
      <Filter>Source Files</Filter>
    </ClCompile>
    <ClCompile Include="LAppModel.cpp">
      <Filter>Source Files</Filter>
    </ClCompile>
    <ClCompile Include="LAppTextureManager.cpp">
      <Filter>Source Files</Filter>
    </ClCompile>
  </ItemGroup>
  <ItemGroup>
    <ClInclude Include="LAppAllocator.h">
      <Filter>Header Files</Filter>
    </ClInclude>
    <ClInclude Include="LAppDefine.h">
      <Filter>Header Files</Filter>
    </ClInclude>
    <ClInclude Include="LAppPal.h">
      <Filter>Header Files</Filter>
    </ClInclude>
    <ClInclude Include="LAppWavFileHandler.h">
      <Filter>Header Files</Filter>
    </ClInclude>
    <ClInclude Include="stb_image.h">
      <Filter>Header Files</Filter>
    </ClInclude>
    <ClInclude Include="TouchManager.h">
      <Filter>Header Files</Filter>
    </ClInclude>
    <ClInclude Include="CubismSDK\Core\include\Live2DCubismCore.h">
      <Filter>Header Files</Filter>
    </ClInclude>
    <ClInclude Include="CubismSDK\Framework\Effect\CubismBreath.hpp">
      <Filter>Header Files</Filter>
    </ClInclude>
    <ClInclude Include="CubismSDK\Framework\Effect\CubismEyeBlink.hpp">
      <Filter>Header Files</Filter>
    </ClInclude>
    <ClInclude Include="CubismSDK\Framework\Effect\CubismPose.hpp">
      <Filter>Header Files</Filter>
    </ClInclude>
    <ClInclude Include="CubismSDK\Framework\Id\CubismId.hpp">
      <Filter>Header Files</Filter>
    </ClInclude>
    <ClInclude Include="CubismSDK\Framework\Id\CubismIdManager.hpp">
      <Filter>Header Files</Filter>
    </ClInclude>
    <ClInclude Include="CubismSDK\Framework\Math\CubismMath.hpp">
      <Filter>Header Files</Filter>
    </ClInclude>
    <ClInclude Include="CubismSDK\Framework\Math\CubismMatrix44.hpp">
      <Filter>Header Files</Filter>
    </ClInclude>
    <ClInclude Include="CubismSDK\Framework\Math\CubismModelMatrix.hpp">
      <Filter>Header Files</Filter>
    </ClInclude>
    <ClInclude Include="CubismSDK\Framework\Math\CubismTargetPoint.hpp">
      <Filter>Header Files</Filter>
    </ClInclude>
    <ClInclude Include="CubismSDK\Framework\Math\CubismVector2.hpp">
      <Filter>Header Files</Filter>
    </ClInclude>
    <ClInclude Include="CubismSDK\Framework\Math\CubismViewMatrix.hpp">
      <Filter>Header Files</Filter>
    </ClInclude>
    <ClInclude Include="CubismSDK\Framework\Model\CubismMoc.hpp">
      <Filter>Header Files</Filter>
    </ClInclude>
    <ClInclude Include="CubismSDK\Framework\Model\CubismModel.hpp">
      <Filter>Header Files</Filter>
    </ClInclude>
    <ClInclude Include="CubismSDK\Framework\Model\CubismModelUserData.hpp">
      <Filter>Header Files</Filter>
    </ClInclude>
    <ClInclude Include="CubismSDK\Framework\Model\CubismModelUserDataJson.hpp">
      <Filter>Header Files</Filter>
    </ClInclude>
    <ClInclude Include="CubismSDK\Framework\Model\CubismUserModel.hpp">
      <Filter>Header Files</Filter>
    </ClInclude>
    <ClInclude Include="CubismSDK\Framework\Motion\ACubismMotion.hpp">
      <Filter>Header Files</Filter>
    </ClInclude>
    <ClInclude Include="CubismSDK\Framework\Motion\CubismExpressionMotion.hpp">
      <Filter>Header Files</Filter>
    </ClInclude>
    <ClInclude Include="CubismSDK\Framework\Motion\CubismMotion.hpp">
      <Filter>Header Files</Filter>
    </ClInclude>
    <ClInclude Include="CubismSDK\Framework\Motion\CubismMotionInternal.hpp">
      <Filter>Header Files</Filter>
    </ClInclude>
    <ClInclude Include="CubismSDK\Framework\Motion\CubismMotionJson.hpp">
      <Filter>Header Files</Filter>
    </ClInclude>
    <ClInclude Include="CubismSDK\Framework\Motion\CubismMotionManager.hpp">
      <Filter>Header Files</Filter>
    </ClInclude>
    <ClInclude Include="CubismSDK\Framework\Motion\CubismMotionQueueEntry.hpp">
      <Filter>Header Files</Filter>
    </ClInclude>
    <ClInclude Include="CubismSDK\Framework\Motion\CubismMotionQueueManager.hpp">
      <Filter>Header Files</Filter>
    </ClInclude>
    <ClInclude Include="CubismSDK\Framework\Physics\CubismPhysics.hpp">
      <Filter>Header Files</Filter>
    </ClInclude>
    <ClInclude Include="CubismSDK\Framework\Physics\CubismPhysicsInternal.hpp">
      <Filter>Header Files</Filter>
    </ClInclude>
    <ClInclude Include="CubismSDK\Framework\Physics\CubismPhysicsJson.hpp">
      <Filter>Header Files</Filter>
    </ClInclude>
    <ClInclude Include="CubismSDK\Framework\Rendering\OpenGL\CubismOffscreenSurface_OpenGLES2.hpp">
      <Filter>Header Files</Filter>
    </ClInclude>
    <ClInclude Include="CubismSDK\Framework\Rendering\OpenGL\CubismRenderer_OpenGLES2.hpp">
      <Filter>Header Files</Filter>
    </ClInclude>
    <ClInclude Include="CubismSDK\Framework\Rendering\CubismRenderer.hpp">
      <Filter>Header Files</Filter>
    </ClInclude>
    <ClInclude Include="CubismSDK\Framework\Type\csmMap.hpp">
      <Filter>Header Files</Filter>
    </ClInclude>
    <ClInclude Include="CubismSDK\Framework\Type\csmRectF.hpp">
      <Filter>Header Files</Filter>
    </ClInclude>
    <ClInclude Include="CubismSDK\Framework\Type\csmString.hpp">
      <Filter>Header Files</Filter>
    </ClInclude>
    <ClInclude Include="CubismSDK\Framework\Type\csmVector.hpp">
      <Filter>Header Files</Filter>
    </ClInclude>
    <ClInclude Include="CubismSDK\Framework\Type\CubismBasicType.hpp">
      <Filter>Header Files</Filter>
    </ClInclude>
    <ClInclude Include="CubismSDK\Framework\Utils\CubismDebug.hpp">
      <Filter>Header Files</Filter>
    </ClInclude>
    <ClInclude Include="CubismSDK\Framework\Utils\CubismJson.hpp">
      <Filter>Header Files</Filter>
    </ClInclude>
    <ClInclude Include="CubismSDK\Framework\Utils\CubismString.hpp">
      <Filter>Header Files</Filter>
    </ClInclude>
    <ClInclude Include="CubismSDK\Framework\CubismCdiJson.hpp">
      <Filter>Header Files</Filter>
    </ClInclude>
    <ClInclude Include="CubismSDK\Framework\CubismDefaultParameterId.hpp">
      <Filter>Header Files</Filter>
    </ClInclude>
    <ClInclude Include="CubismSDK\Framework\CubismFramework.hpp">
      <Filter>Header Files</Filter>
    </ClInclude>
    <ClInclude Include="CubismSDK\Framework\CubismFrameworkConfig.hpp">
      <Filter>Header Files</Filter>
    </ClInclude>
    <ClInclude Include="CubismSDK\Framework\CubismModelSettingJson.hpp">
      <Filter>Header Files</Filter>
    </ClInclude>
    <ClInclude Include="CubismSDK\Framework\ICubismAllocator.hpp">
      <Filter>Header Files</Filter>
    </ClInclude>
    <ClInclude Include="CubismSDK\Framework\ICubismModelSetting.hpp">
      <Filter>Header Files</Filter>
    </ClInclude>
    <ClInclude Include="CubismSDK\Framework\Live2DCubismCore.hpp">
      <Filter>Header Files</Filter>
    </ClInclude>
    <ClInclude Include="LAppTextureManager.h">
      <Filter>Header Files</Filter>
    </ClInclude>
  </ItemGroup>
  <ItemGroup>
    <QtMoc Include="LAppLive2DView.h">
      <Filter>Header Files</Filter>
    </QtMoc>
    <QtMoc Include="LAppRenderer.h">
      <Filter>Header Files</Filter>
    </QtMoc>
    <QtMoc Include="LAppModel.h">
      <Filter>Header Files</Filter>
    </QtMoc>
  </ItemGroup>
</Project>